
Microsoft Visual Studio Solution File, Format Version 12.00
# Visual Studio Version 17
VisualStudioVersion = 17.7.34024.191
MinimumVisualStudioVersion = 10.0.40219.1
Project("{FAE04EC0-301F-11D3-BF4B-00C04F79EFBC}") = "MethodsWithLoopsAndConditionals", "MethodsWithLoopsAndConditionals.csproj", "{27FEA9CA-A5C1-4027-AB67-D9AA27673D1D}"
EndProject
Global
	GlobalSection(SolutionConfigurationPlatforms) = preSolution
		Debug|Any CPU = Debug|Any CPU
		Release|Any CPU = Release|Any CPU
	EndGlobalSection
	GlobalSection(ProjectConfigurationPlatforms) = postSolution
		{27FEA9CA-A5C1-4027-AB67-D9AA27673D1D}.Debug|Any CPU.ActiveCfg = Debug|Any CPU
		{27FEA9CA-A5C1-4027-AB67-D9AA27673D1D}.Debug|Any CPU.Build.0 = Debug|Any CPU
		{27FEA9CA-A5C1-4027-AB67-D9AA27673D1D}.Release|Any CPU.ActiveCfg = Release|Any CPU
		{27FEA9CA-A5C1-4027-AB67-D9AA27673D1D}.Release|Any CPU.Build.0 = Release|Any CPU
	EndGlobalSection
	GlobalSection(SolutionProperties) = preSolution
		HideSolutionNode = FALSE
	EndGlobalSection
	GlobalSection(ExtensibilityGlobals) = postSolution
		SolutionGuid = {932BDC47-C49A-4EA9-8B03-74BAF0661C6F}
	EndGlobalSection
EndGlobal
